// !$*UTF8*$!
{
	archiveVersion = 1;
	classes = {
	};
	objectVersion = 56;
	objects = {

/* Begin PBXBuildFile section */
		502BF4132CB26ACE00568FAC /* ArticlesViewModelTests.swift in Sources */ = {isa = PBXBuildFile; fileRef = 502BF4102CB26ACE00568FAC /* ArticlesViewModelTests.swift */; };
		502BF4142CB26ACE00568FAC /* ArticleRepositoryTests.swift in Sources */ = {isa = PBXBuildFile; fileRef = 502BF4112CB26ACE00568FAC /* ArticleRepositoryTests.swift */; };
		502BF4152CB26ACE00568FAC /* NetworkServiceTests.swift in Sources */ = {isa = PBXBuildFile; fileRef = 502BF4122CB26ACE00568FAC /* NetworkServiceTests.swift */; };
		502BF41A2CB26AE100568FAC /* APIs.swift in Sources */ = {isa = PBXBuildFile; fileRef = 502BF4162CB26AE100568FAC /* APIs.swift */; };
		502BF41B2CB26AE100568FAC /* EndPointBuilder.swift in Sources */ = {isa = PBXBuildFile; fileRef = 502BF4172CB26AE100568FAC /* EndPointBuilder.swift */; };
		502BF41C2CB26AE100568FAC /* EndPoint.swift in Sources */ = {isa = PBXBuildFile; fileRef = 502BF4182CB26AE100568FAC /* EndPoint.swift */; };
		502BF41D2CB26AE100568FAC /* NetworkService.swift in Sources */ = {isa = PBXBuildFile; fileRef = 502BF4192CB26AE100568FAC /* NetworkService.swift */; };
		502BF4362CB26CA900568FAC /* ArticlesViewModel.swift in Sources */ = {isa = PBXBuildFile; fileRef = 502BF4292CB26CA900568FAC /* ArticlesViewModel.swift */; };
		502BF4372CB26CA900568FAC /* ArticlesResponse.swift in Sources */ = {isa = PBXBuildFile; fileRef = 502BF42B2CB26CA900568FAC /* ArticlesResponse.swift */; };
		502BF4382CB26CA900568FAC /* ArticlesDetailsView.swift in Sources */ = {isa = PBXBuildFile; fileRef = 502BF42D2CB26CA900568FAC /* ArticlesDetailsView.swift */; };
		502BF4392CB26CA900568FAC /* ArticlesListView.swift in Sources */ = {isa = PBXBuildFile; fileRef = 502BF42E2CB26CA900568FAC /* ArticlesListView.swift */; };
		502BF43A2CB26CA900568FAC /* MockURLProtocol.swift in Sources */ = {isa = PBXBuildFile; fileRef = 502BF4302CB26CA900568FAC /* MockURLProtocol.swift */; };
		502BF43B2CB26CA900568FAC /* MockNetworkService.swift in Sources */ = {isa = PBXBuildFile; fileRef = 502BF4312CB26CA900568FAC /* MockNetworkService.swift */; };
		502BF43C2CB26CA900568FAC /* MockArticleRepository.swift in Sources */ = {isa = PBXBuildFile; fileRef = 502BF4322CB26CA900568FAC /* MockArticleRepository.swift */; };
		502BF43D2CB26CA900568FAC /* APIConstant.swift in Sources */ = {isa = PBXBuildFile; fileRef = 502BF4352CB26CA900568FAC /* APIConstant.swift */; };
		504D2EF72CB111D000D63B87 /* ArticlesAppApp.swift in Sources */ = {isa = PBXBuildFile; fileRef = 504D2EF62CB111D000D63B87 /* ArticlesAppApp.swift */; };
		504D2EFB2CB111D100D63B87 /* Assets.xcassets in Resources */ = {isa = PBXBuildFile; fileRef = 504D2EFA2CB111D100D63B87 /* Assets.xcassets */; };
		504D2EFE2CB111D100D63B87 /* Preview Assets.xcassets in Resources */ = {isa = PBXBuildFile; fileRef = 504D2EFD2CB111D100D63B87 /* Preview Assets.xcassets */; };
		504D2F082CB111D100D63B87 /* ArticlesAppTests.swift in Sources */ = {isa = PBXBuildFile; fileRef = 504D2F072CB111D100D63B87 /* ArticlesAppTests.swift */; };
		504D2F122CB111D100D63B87 /* ArticlesAppUITests.swift in Sources */ = {isa = PBXBuildFile; fileRef = 504D2F112CB111D100D63B87 /* ArticlesAppUITests.swift */; };
		504D2F142CB111D100D63B87 /* ArticlesAppUITestsLaunchTests.swift in Sources */ = {isa = PBXBuildFile; fileRef = 504D2F132CB111D100D63B87 /* ArticlesAppUITestsLaunchTests.swift */; };
		508A4A5E2CB26C4A00986C96 /* ArticleRepository.swift in Sources */ = {isa = PBXBuildFile; fileRef = 508A4A5C2CB26C4A00986C96 /* ArticleRepository.swift */; };
/* End PBXBuildFile section */

/* Begin PBXContainerItemProxy section */
		504D2F042CB111D100D63B87 /* PBXContainerItemProxy */ = {
			isa = PBXContainerItemProxy;
			containerPortal = 504D2EEB2CB111D000D63B87 /* Project object */;
			proxyType = 1;
			remoteGlobalIDString = 504D2EF22CB111D000D63B87;
			remoteInfo = ArticlesApp;
		};
		504D2F0E2CB111D100D63B87 /* PBXContainerItemProxy */ = {
			isa = PBXContainerItemProxy;
			containerPortal = 504D2EEB2CB111D000D63B87 /* Project object */;
			proxyType = 1;
			remoteGlobalIDString = 504D2EF22CB111D000D63B87;
			remoteInfo = ArticlesApp;
		};
/* End PBXContainerItemProxy section */

/* Begin PBXFileReference section */
		502BF4102CB26ACE00568FAC /* ArticlesViewModelTests.swift */ = {isa = PBXFileReference; fileEncoding = 4; lastKnownFileType = sourcecode.swift; path = ArticlesViewModelTests.swift; sourceTree = "<group>"; };
		502BF4112CB26ACE00568FAC /* ArticleRepositoryTests.swift */ = {isa = PBXFileReference; fileEncoding = 4; lastKnownFileType = sourcecode.swift; path = ArticleRepositoryTests.swift; sourceTree = "<group>"; };
		502BF4122CB26ACE00568FAC /* NetworkServiceTests.swift */ = {isa = PBXFileReference; fileEncoding = 4; lastKnownFileType = sourcecode.swift; path = NetworkServiceTests.swift; sourceTree = "<group>"; };
		502BF4162CB26AE100568FAC /* APIs.swift */ = {isa = PBXFileReference; fileEncoding = 4; lastKnownFileType = sourcecode.swift; path = APIs.swift; sourceTree = "<group>"; };
		502BF4172CB26AE100568FAC /* EndPointBuilder.swift */ = {isa = PBXFileReference; fileEncoding = 4; lastKnownFileType = sourcecode.swift; path = EndPointBuilder.swift; sourceTree = "<group>"; };
		502BF4182CB26AE100568FAC /* EndPoint.swift */ = {isa = PBXFileReference; fileEncoding = 4; lastKnownFileType = sourcecode.swift; path = EndPoint.swift; sourceTree = "<group>"; };
		502BF4192CB26AE100568FAC /* NetworkService.swift */ = {isa = PBXFileReference; fileEncoding = 4; lastKnownFileType = sourcecode.swift; path = NetworkService.swift; sourceTree = "<group>"; };
		502BF4292CB26CA900568FAC /* ArticlesViewModel.swift */ = {isa = PBXFileReference; fileEncoding = 4; lastKnownFileType = sourcecode.swift; path = ArticlesViewModel.swift; sourceTree = "<group>"; };
		502BF42B2CB26CA900568FAC /* ArticlesResponse.swift */ = {isa = PBXFileReference; fileEncoding = 4; lastKnownFileType = sourcecode.swift; path = ArticlesResponse.swift; sourceTree = "<group>"; };
		502BF42D2CB26CA900568FAC /* ArticlesDetailsView.swift */ = {isa = PBXFileReference; fileEncoding = 4; lastKnownFileType = sourcecode.swift; path = ArticlesDetailsView.swift; sourceTree = "<group>"; };
		502BF42E2CB26CA900568FAC /* ArticlesListView.swift */ = {isa = PBXFileReference; fileEncoding = 4; lastKnownFileType = sourcecode.swift; path = ArticlesListView.swift; sourceTree = "<group>"; };
		502BF4302CB26CA900568FAC /* MockURLProtocol.swift */ = {isa = PBXFileReference; fileEncoding = 4; lastKnownFileType = sourcecode.swift; path = MockURLProtocol.swift; sourceTree = "<group>"; };
		502BF4312CB26CA900568FAC /* MockNetworkService.swift */ = {isa = PBXFileReference; fileEncoding = 4; lastKnownFileType = sourcecode.swift; path = MockNetworkService.swift; sourceTree = "<group>"; };
		502BF4322CB26CA900568FAC /* MockArticleRepository.swift */ = {isa = PBXFileReference; fileEncoding = 4; lastKnownFileType = sourcecode.swift; path = MockArticleRepository.swift; sourceTree = "<group>"; };
		502BF4352CB26CA900568FAC /* APIConstant.swift */ = {isa = PBXFileReference; fileEncoding = 4; lastKnownFileType = sourcecode.swift; path = APIConstant.swift; sourceTree = "<group>"; };
		504D2EF32CB111D000D63B87 /* ArticlesApp.app */ = {isa = PBXFileReference; explicitFileType = wrapper.application; includeInIndex = 0; path = ArticlesApp.app; sourceTree = BUILT_PRODUCTS_DIR; };
		504D2EF62CB111D000D63B87 /* ArticlesAppApp.swift */ = {isa = PBXFileReference; lastKnownFileType = sourcecode.swift; path = ArticlesAppApp.swift; sourceTree = "<group>"; };
		504D2EFA2CB111D100D63B87 /* Assets.xcassets */ = {isa = PBXFileReference; lastKnownFileType = folder.assetcatalog; path = Assets.xcassets; sourceTree = "<group>"; };
		504D2EFD2CB111D100D63B87 /* Preview Assets.xcassets */ = {isa = PBXFileReference; lastKnownFileType = folder.assetcatalog; path = "Preview Assets.xcassets"; sourceTree = "<group>"; };
		504D2F032CB111D100D63B87 /* ArticlesAppTests.xctest */ = {isa = PBXFileReference; explicitFileType = wrapper.cfbundle; includeInIndex = 0; path = ArticlesAppTests.xctest; sourceTree = BUILT_PRODUCTS_DIR; };
		504D2F072CB111D100D63B87 /* ArticlesAppTests.swift */ = {isa = PBXFileReference; lastKnownFileType = sourcecode.swift; path = ArticlesAppTests.swift; sourceTree = "<group>"; };
		504D2F0D2CB111D100D63B87 /* ArticlesAppUITests.xctest */ = {isa = PBXFileReference; explicitFileType = wrapper.cfbundle; includeInIndex = 0; path = ArticlesAppUITests.xctest; sourceTree = BUILT_PRODUCTS_DIR; };
		504D2F112CB111D100D63B87 /* ArticlesAppUITests.swift */ = {isa = PBXFileReference; lastKnownFileType = sourcecode.swift; path = ArticlesAppUITests.swift; sourceTree = "<group>"; };
		504D2F132CB111D100D63B87 /* ArticlesAppUITestsLaunchTests.swift */ = {isa = PBXFileReference; lastKnownFileType = sourcecode.swift; path = ArticlesAppUITestsLaunchTests.swift; sourceTree = "<group>"; };
		508A4A5C2CB26C4A00986C96 /* ArticleRepository.swift */ = {isa = PBXFileReference; fileEncoding = 4; lastKnownFileType = sourcecode.swift; path = ArticleRepository.swift; sourceTree = "<group>"; };
/* End PBXFileReference section */

/* Begin PBXFrameworksBuildPhase section */
		504D2EF02CB111D000D63B87 /* Frameworks */ = {
			isa = PBXFrameworksBuildPhase;
			buildActionMask = 2147483647;
			files = (
			);
			runOnlyForDeploymentPostprocessing = 0;
		};
		504D2F002CB111D100D63B87 /* Frameworks */ = {
			isa = PBXFrameworksBuildPhase;
			buildActionMask = 2147483647;
			files = (
			);
			runOnlyForDeploymentPostprocessing = 0;
		};
		504D2F0A2CB111D100D63B87 /* Frameworks */ = {
			isa = PBXFrameworksBuildPhase;
			buildActionMask = 2147483647;
			files = (
			);
			runOnlyForDeploymentPostprocessing = 0;
		};
/* End PBXFrameworksBuildPhase section */

/* Begin PBXGroup section */
		502BF4262CB26CA900568FAC /* Modules */ = {
			isa = PBXGroup;
			children = (
				502BF4272CB26CA900568FAC /* Articles */,
			);
			path = Modules;
			sourceTree = "<group>";
		};
		502BF4272CB26CA900568FAC /* Articles */ = {
			isa = PBXGroup;
			children = (
				502BF4282CB26CA900568FAC /* ViewModel */,
				502BF42A2CB26CA900568FAC /* Model */,
				502BF42C2CB26CA900568FAC /* View */,
			);
			path = Articles;
			sourceTree = "<group>";
		};
		502BF4282CB26CA900568FAC /* ViewModel */ = {
			isa = PBXGroup;
			children = (
				502BF4292CB26CA900568FAC /* ArticlesViewModel.swift */,
			);
			path = ViewModel;
			sourceTree = "<group>";
		};
		502BF42A2CB26CA900568FAC /* Model */ = {
			isa = PBXGroup;
			children = (
				502BF42B2CB26CA900568FAC /* ArticlesResponse.swift */,
			);
			path = Model;
			sourceTree = "<group>";
		};
		502BF42C2CB26CA900568FAC /* View */ = {
			isa = PBXGroup;
			children = (
				502BF42D2CB26CA900568FAC /* ArticlesDetailsView.swift */,
				502BF42E2CB26CA900568FAC /* ArticlesListView.swift */,
			);
			path = View;
			sourceTree = "<group>";
		};
		502BF42F2CB26CA900568FAC /* Mock */ = {
			isa = PBXGroup;
			children = (
				502BF4302CB26CA900568FAC /* MockURLProtocol.swift */,
				502BF4312CB26CA900568FAC /* MockNetworkService.swift */,
				502BF4322CB26CA900568FAC /* MockArticleRepository.swift */,
			);
			path = Mock;
			sourceTree = "<group>";
		};
		502BF4332CB26CA900568FAC /* Constant */ = {
			isa = PBXGroup;
			children = (
				502BF4342CB26CA900568FAC /* API Constant */,
			);
			path = Constant;
			sourceTree = "<group>";
		};
		502BF4342CB26CA900568FAC /* API Constant */ = {
			isa = PBXGroup;
			children = (
				502BF4352CB26CA900568FAC /* APIConstant.swift */,
			);
			path = "API Constant";
			sourceTree = "<group>";
		};
		504D2EEA2CB111D000D63B87 = {
			isa = PBXGroup;
			children = (
				504D2EF52CB111D000D63B87 /* ArticlesApp */,
				504D2F062CB111D100D63B87 /* ArticlesAppTests */,
				504D2F102CB111D100D63B87 /* ArticlesAppUITests */,
				504D2EF42CB111D000D63B87 /* Products */,
			);
			sourceTree = "<group>";
		};
		504D2EF42CB111D000D63B87 /* Products */ = {
			isa = PBXGroup;
			children = (
				504D2EF32CB111D000D63B87 /* ArticlesApp.app */,
				504D2F032CB111D100D63B87 /* ArticlesAppTests.xctest */,
				504D2F0D2CB111D100D63B87 /* ArticlesAppUITests.xctest */,
			);
			name = Products;
			sourceTree = "<group>";
		};
		504D2EF52CB111D000D63B87 /* ArticlesApp */ = {
			isa = PBXGroup;
			children = (
				502BF4332CB26CA900568FAC /* Constant */,
				502BF4262CB26CA900568FAC /* Modules */,
				508A4A5D2CB26C4A00986C96 /* Repositories */,
				504D2F202CB1177900D63B87 /* Services */,
				504D2EF62CB111D000D63B87 /* ArticlesAppApp.swift */,
				504D2EFA2CB111D100D63B87 /* Assets.xcassets */,
				502BF42F2CB26CA900568FAC /* Mock */,
				504D2EFC2CB111D100D63B87 /* Preview Content */,
			);
			path = ArticlesApp;
			sourceTree = "<group>";
		};
		504D2EFC2CB111D100D63B87 /* Preview Content */ = {
			isa = PBXGroup;
			children = (
				504D2EFD2CB111D100D63B87 /* Preview Assets.xcassets */,
			);
			path = "Preview Content";
			sourceTree = "<group>";
		};
		504D2F062CB111D100D63B87 /* ArticlesAppTests */ = {
			isa = PBXGroup;
			children = (
				502BF4112CB26ACE00568FAC /* ArticleRepositoryTests.swift */,
				502BF4102CB26ACE00568FAC /* ArticlesViewModelTests.swift */,
				502BF4122CB26ACE00568FAC /* NetworkServiceTests.swift */,
				504D2F072CB111D100D63B87 /* ArticlesAppTests.swift */,
			);
			path = ArticlesAppTests;
			sourceTree = "<group>";
		};
		504D2F102CB111D100D63B87 /* ArticlesAppUITests */ = {
			isa = PBXGroup;
			children = (
				504D2F112CB111D100D63B87 /* ArticlesAppUITests.swift */,
				504D2F132CB111D100D63B87 /* ArticlesAppUITestsLaunchTests.swift */,
			);
			path = ArticlesAppUITests;
			sourceTree = "<group>";
		};
		504D2F202CB1177900D63B87 /* Services */ = {
			isa = PBXGroup;
			children = (
				504D2F212CB1178200D63B87 /* NetworkService */,
			);
			path = Services;
			sourceTree = "<group>";
		};
		504D2F212CB1178200D63B87 /* NetworkService */ = {
			isa = PBXGroup;
			children = (
				502BF4162CB26AE100568FAC /* APIs.swift */,
				502BF4182CB26AE100568FAC /* EndPoint.swift */,
				502BF4172CB26AE100568FAC /* EndPointBuilder.swift */,
				502BF4192CB26AE100568FAC /* NetworkService.swift */,
			);
			path = NetworkService;
			sourceTree = "<group>";
		};
		508A4A5D2CB26C4A00986C96 /* Repositories */ = {
			isa = PBXGroup;
			children = (
				508A4A5C2CB26C4A00986C96 /* ArticleRepository.swift */,
			);
			path = Repositories;
			sourceTree = "<group>";
		};
/* End PBXGroup section */

/* Begin PBXNativeTarget section */
		504D2EF22CB111D000D63B87 /* ArticlesApp */ = {
			isa = PBXNativeTarget;
			buildConfigurationList = 504D2F172CB111D100D63B87 /* Build configuration list for PBXNativeTarget "ArticlesApp" */;
			buildPhases = (
				504D2EEF2CB111D000D63B87 /* Sources */,
				504D2EF02CB111D000D63B87 /* Frameworks */,
				504D2EF12CB111D000D63B87 /* Resources */,
			);
			buildRules = (
			);
			dependencies = (
			);
			name = ArticlesApp;
			productName = ArticlesApp;
			productReference = 504D2EF32CB111D000D63B87 /* ArticlesApp.app */;
			productType = "com.apple.product-type.application";
		};
		504D2F022CB111D100D63B87 /* ArticlesAppTests */ = {
			isa = PBXNativeTarget;
			buildConfigurationList = 504D2F1A2CB111D100D63B87 /* Build configuration list for PBXNativeTarget "ArticlesAppTests" */;
			buildPhases = (
				504D2EFF2CB111D100D63B87 /* Sources */,
				504D2F002CB111D100D63B87 /* Frameworks */,
				504D2F012CB111D100D63B87 /* Resources */,
			);
			buildRules = (
			);
			dependencies = (
				504D2F052CB111D100D63B87 /* PBXTargetDependency */,
			);
			name = ArticlesAppTests;
			productName = ArticlesAppTests;
			productReference = 504D2F032CB111D100D63B87 /* ArticlesAppTests.xctest */;
			productType = "com.apple.product-type.bundle.unit-test";
		};
		504D2F0C2CB111D100D63B87 /* ArticlesAppUITests */ = {
			isa = PBXNativeTarget;
			buildConfigurationList = 504D2F1D2CB111D100D63B87 /* Build configuration list for PBXNativeTarget "ArticlesAppUITests" */;
			buildPhases = (
				504D2F092CB111D100D63B87 /* Sources */,
				504D2F0A2CB111D100D63B87 /* Frameworks */,
				504D2F0B2CB111D100D63B87 /* Resources */,
			);
			buildRules = (
			);
			dependencies = (
				504D2F0F2CB111D100D63B87 /* PBXTargetDependency */,
			);
			name = ArticlesAppUITests;
			productName = ArticlesAppUITests;
			productReference = 504D2F0D2CB111D100D63B87 /* ArticlesAppUITests.xctest */;
			productType = "com.apple.product-type.bundle.ui-testing";
		};
/* End PBXNativeTarget section */

/* Begin PBXProject section */
		504D2EEB2CB111D000D63B87 /* Project object */ = {
			isa = PBXProject;
			attributes = {
				BuildIndependentTargetsInParallel = 1;
				LastSwiftUpdateCheck = 1540;
				LastUpgradeCheck = 1540;
				TargetAttributes = {
					504D2EF22CB111D000D63B87 = {
						CreatedOnToolsVersion = 15.4;
					};
					504D2F022CB111D100D63B87 = {
						CreatedOnToolsVersion = 15.4;
						TestTargetID = 504D2EF22CB111D000D63B87;
					};
					504D2F0C2CB111D100D63B87 = {
						CreatedOnToolsVersion = 15.4;
						TestTargetID = 504D2EF22CB111D000D63B87;
					};
				};
			};
			buildConfigurationList = 504D2EEE2CB111D000D63B87 /* Build configuration list for PBXProject "ArticlesApp" */;
			compatibilityVersion = "Xcode 14.0";
			developmentRegion = en;
			hasScannedForEncodings = 0;
			knownRegions = (
				en,
				Base,
			);
			mainGroup = 504D2EEA2CB111D000D63B87;
			productRefGroup = 504D2EF42CB111D000D63B87 /* Products */;
			projectDirPath = "";
			projectRoot = "";
			targets = (
				504D2EF22CB111D000D63B87 /* ArticlesApp */,
				504D2F022CB111D100D63B87 /* ArticlesAppTests */,
				504D2F0C2CB111D100D63B87 /* ArticlesAppUITests */,
			);
		};
/* End PBXProject section */

/* Begin PBXResourcesBuildPhase section */
		504D2EF12CB111D000D63B87 /* Resources */ = {
			isa = PBXResourcesBuildPhase;
			buildActionMask = 2147483647;
			files = (
				504D2EFE2CB111D100D63B87 /* Preview Assets.xcassets in Resources */,
				504D2EFB2CB111D100D63B87 /* Assets.xcassets in Resources */,
			);
			runOnlyForDeploymentPostprocessing = 0;
		};
		504D2F012CB111D100D63B87 /* Resources */ = {
			isa = PBXResourcesBuildPhase;
			buildActionMask = 2147483647;
			files = (
			);
			runOnlyForDeploymentPostprocessing = 0;
		};
		504D2F0B2CB111D100D63B87 /* Resources */ = {
			isa = PBXResourcesBuildPhase;
			buildActionMask = 2147483647;
			files = (
			);
			runOnlyForDeploymentPostprocessing = 0;
		};
/* End PBXResourcesBuildPhase section */

/* Begin PBXSourcesBuildPhase section */
		504D2EEF2CB111D000D63B87 /* Sources */ = {
			isa = PBXSourcesBuildPhase;
			buildActionMask = 2147483647;
			files = (
				502BF43B2CB26CA900568FAC /* MockNetworkService.swift in Sources */,
				502BF4382CB26CA900568FAC /* ArticlesDetailsView.swift in Sources */,
				502BF41D2CB26AE100568FAC /* NetworkService.swift in Sources */,
				502BF43A2CB26CA900568FAC /* MockURLProtocol.swift in Sources */,
				502BF41B2CB26AE100568FAC /* EndPointBuilder.swift in Sources */,
				502BF41A2CB26AE100568FAC /* APIs.swift in Sources */,
				502BF41C2CB26AE100568FAC /* EndPoint.swift in Sources */,
				508A4A5E2CB26C4A00986C96 /* ArticleRepository.swift in Sources */,
				504D2EF72CB111D000D63B87 /* ArticlesAppApp.swift in Sources */,
				502BF43C2CB26CA900568FAC /* MockArticleRepository.swift in Sources */,
				502BF4362CB26CA900568FAC /* ArticlesViewModel.swift in Sources */,
				502BF4372CB26CA900568FAC /* ArticlesResponse.swift in Sources */,
				502BF43D2CB26CA900568FAC /* APIConstant.swift in Sources */,
				502BF4392CB26CA900568FAC /* ArticlesListView.swift in Sources */,
			);
			runOnlyForDeploymentPostprocessing = 0;
		};
		504D2EFF2CB111D100D63B87 /* Sources */ = {
			isa = PBXSourcesBuildPhase;
			buildActionMask = 2147483647;
			files = (
				502BF4142CB26ACE00568FAC /* ArticleRepositoryTests.swift in Sources */,
				504D2F082CB111D100D63B87 /* ArticlesAppTests.swift in Sources */,
				502BF4152CB26ACE00568FAC /* NetworkServiceTests.swift in Sources */,
				502BF4132CB26ACE00568FAC /* ArticlesViewModelTests.swift in Sources */,
			);
			runOnlyForDeploymentPostprocessing = 0;
		};
		504D2F092CB111D100D63B87 /* Sources */ = {
			isa = PBXSourcesBuildPhase;
			buildActionMask = 2147483647;
			files = (
				504D2F122CB111D100D63B87 /* ArticlesAppUITests.swift in Sources */,
				504D2F142CB111D100D63B87 /* ArticlesAppUITestsLaunchTests.swift in Sources */,
			);
			runOnlyForDeploymentPostprocessing = 0;
		};
/* End PBXSourcesBuildPhase section */

/* Begin PBXTargetDependency section */
		504D2F052CB111D100D63B87 /* PBXTargetDependency */ = {
			isa = PBXTargetDependency;
			target = 504D2EF22CB111D000D63B87 /* ArticlesApp */;
			targetProxy = 504D2F042CB111D100D63B87 /* PBXContainerItemProxy */;
		};
		504D2F0F2CB111D100D63B87 /* PBXTargetDependency */ = {
			isa = PBXTargetDependency;
			target = 504D2EF22CB111D000D63B87 /* ArticlesApp */;
			targetProxy = 504D2F0E2CB111D100D63B87 /* PBXContainerItemProxy */;
		};
/* End PBXTargetDependency section */

/* Begin XCBuildConfiguration section */
		504D2F152CB111D100D63B87 /* Debug */ = {
			isa = XCBuildConfiguration;
			buildSettings = {
				ALWAYS_SEARCH_USER_PATHS = NO;
				ASSETCATALOG_COMPILER_GENERATE_SWIFT_ASSET_SYMBOL_EXTENSIONS = YES;
				CLANG_ANALYZER_NONNULL = YES;
				CLANG_ANALYZER_NUMBER_OBJECT_CONVERSION = YES_AGGRESSIVE;
				CLANG_CXX_LANGUAGE_STANDARD = "gnu++20";
				CLANG_ENABLE_MODULES = YES;
				CLANG_ENABLE_OBJC_ARC = YES;
				CLANG_ENABLE_OBJC_WEAK = YES;
				CLANG_WARN_BLOCK_CAPTURE_AUTORELEASING = YES;
				CLANG_WARN_BOOL_CONVERSION = YES;
				CLANG_WARN_COMMA = YES;
				CLANG_WARN_CONSTANT_CONVERSION = YES;
				CLANG_WARN_DEPRECATED_OBJC_IMPLEMENTATIONS = YES;
				CLANG_WARN_DIRECT_OBJC_ISA_USAGE = YES_ERROR;
				CLANG_WARN_DOCUMENTATION_COMMENTS = YES;
				CLANG_WARN_EMPTY_BODY = YES;
				CLANG_WARN_ENUM_CONVERSION = YES;
				CLANG_WARN_INFINITE_RECURSION = YES;
				CLANG_WARN_INT_CONVERSION = YES;
				CLANG_WARN_NON_LITERAL_NULL_CONVERSION = YES;
				CLANG_WARN_OBJC_IMPLICIT_RETAIN_SELF = YES;
				CLANG_WARN_OBJC_LITERAL_CONVERSION = YES;
				CLANG_WARN_OBJC_ROOT_CLASS = YES_ERROR;
				CLANG_WARN_QUOTED_INCLUDE_IN_FRAMEWORK_HEADER = YES;
				CLANG_WARN_RANGE_LOOP_ANALYSIS = YES;
				CLANG_WARN_STRICT_PROTOTYPES = YES;
				CLANG_WARN_SUSPICIOUS_MOVE = YES;
				CLANG_WARN_UNGUARDED_AVAILABILITY = YES_AGGRESSIVE;
				CLANG_WARN_UNREACHABLE_CODE = YES;
				CLANG_WARN__DUPLICATE_METHOD_MATCH = YES;
				COPY_PHASE_STRIP = NO;
				DEBUG_INFORMATION_FORMAT = dwarf;
				ENABLE_STRICT_OBJC_MSGSEND = YES;
				ENABLE_TESTABILITY = YES;
				ENABLE_USER_SCRIPT_SANDBOXING = YES;
				GCC_C_LANGUAGE_STANDARD = gnu17;
				GCC_DYNAMIC_NO_PIC = NO;
				GCC_NO_COMMON_BLOCKS = YES;
				GCC_OPTIMIZATION_LEVEL = 0;
				GCC_PREPROCESSOR_DEFINITIONS = (
					"DEBUG=1",
					"$(inherited)",
				);
				GCC_WARN_64_TO_32_BIT_CONVERSION = YES;
				GCC_WARN_ABOUT_RETURN_TYPE = YES_ERROR;
				GCC_WARN_UNDECLARED_SELECTOR = YES;
				GCC_WARN_UNINITIALIZED_AUTOS = YES_AGGRESSIVE;
				GCC_WARN_UNUSED_FUNCTION = YES;
				GCC_WARN_UNUSED_VARIABLE = YES;
				IPHONEOS_DEPLOYMENT_TARGET = 17.5;
				LOCALIZATION_PREFERS_STRING_CATALOGS = YES;
				MTL_ENABLE_DEBUG_INFO = INCLUDE_SOURCE;
				MTL_FAST_MATH = YES;
				ONLY_ACTIVE_ARCH = YES;
				SDKROOT = iphoneos;
				SWIFT_ACTIVE_COMPILATION_CONDITIONS = "DEBUG $(inherited)";
				SWIFT_OPTIMIZATION_LEVEL = "-Onone";
			};
			name = Debug;
		};
		504D2F162CB111D100D63B87 /* Release */ = {
			isa = XCBuildConfiguration;
			buildSettings = {
				ALWAYS_SEARCH_USER_PATHS = NO;
				ASSETCATALOG_COMPILER_GENERATE_SWIFT_ASSET_SYMBOL_EXTENSIONS = YES;
				CLANG_ANALYZER_NONNULL = YES;
				CLANG_ANALYZER_NUMBER_OBJECT_CONVERSION = YES_AGGRESSIVE;
				CLANG_CXX_LANGUAGE_STANDARD = "gnu++20";
				CLANG_ENABLE_MODULES = YES;
				CLANG_ENABLE_OBJC_ARC = YES;
				CLANG_ENABLE_OBJC_WEAK = YES;
				CLANG_WARN_BLOCK_CAPTURE_AUTORELEASING = YES;
				CLANG_WARN_BOOL_CONVERSION = YES;
				CLANG_WARN_COMMA = YES;
				CLANG_WARN_CONSTANT_CONVERSION = YES;
				CLANG_WARN_DEPRECATED_OBJC_IMPLEMENTATIONS = YES;
				CLANG_WARN_DIRECT_OBJC_ISA_USAGE = YES_ERROR;
				CLANG_WARN_DOCUMENTATION_COMMENTS = YES;
				CLANG_WARN_EMPTY_BODY = YES;
				CLANG_WARN_ENUM_CONVERSION = YES;
				CLANG_WARN_INFINITE_RECURSION = YES;
				CLANG_WARN_INT_CONVERSION = YES;
				CLANG_WARN_NON_LITERAL_NULL_CONVERSION = YES;
				CLANG_WARN_OBJC_IMPLICIT_RETAIN_SELF = YES;
				CLANG_WARN_OBJC_LITERAL_CONVERSION = YES;
				CLANG_WARN_OBJC_ROOT_CLASS = YES_ERROR;
				CLANG_WARN_QUOTED_INCLUDE_IN_FRAMEWORK_HEADER = YES;
				CLANG_WARN_RANGE_LOOP_ANALYSIS = YES;
				CLANG_WARN_STRICT_PROTOTYPES = YES;
				CLANG_WARN_SUSPICIOUS_MOVE = YES;
				CLANG_WARN_UNGUARDED_AVAILABILITY = YES_AGGRESSIVE;
				CLANG_WARN_UNREACHABLE_CODE = YES;
				CLANG_WARN__DUPLICATE_METHOD_MATCH = YES;
				COPY_PHASE_STRIP = NO;
				DEBUG_INFORMATION_FORMAT = "dwarf-with-dsym";
				ENABLE_NS_ASSERTIONS = NO;
				ENABLE_STRICT_OBJC_MSGSEND = YES;
				ENABLE_USER_SCRIPT_SANDBOXING = YES;
				GCC_C_LANGUAGE_STANDARD = gnu17;
				GCC_NO_COMMON_BLOCKS = YES;
				GCC_WARN_64_TO_32_BIT_CONVERSION = YES;
				GCC_WARN_ABOUT_RETURN_TYPE = YES_ERROR;
				GCC_WARN_UNDECLARED_SELECTOR = YES;
				GCC_WARN_UNINITIALIZED_AUTOS = YES_AGGRESSIVE;
				GCC_WARN_UNUSED_FUNCTION = YES;
				GCC_WARN_UNUSED_VARIABLE = YES;
				IPHONEOS_DEPLOYMENT_TARGET = 17.5;
				LOCALIZATION_PREFERS_STRING_CATALOGS = YES;
				MTL_ENABLE_DEBUG_INFO = NO;
				MTL_FAST_MATH = YES;
				SDKROOT = iphoneos;
				SWIFT_COMPILATION_MODE = wholemodule;
				VALIDATE_PRODUCT = YES;
			};
			name = Release;
		};
		504D2F182CB111D100D63B87 /* Debug */ = {
			isa = XCBuildConfiguration;
			buildSettings = {
				ASSETCATALOG_COMPILER_APPICON_NAME = AppIcon;
				ASSETCATALOG_COMPILER_GLOBAL_ACCENT_COLOR_NAME = AccentColor;
				CODE_SIGN_STYLE = Automatic;
				CURRENT_PROJECT_VERSION = 1;
				DEVELOPMENT_ASSET_PATHS = "\"ArticlesApp/Preview Content\"";
				DEVELOPMENT_TEAM = 67WTGHWAS3;
				ENABLE_PREVIEWS = YES;
				GENERATE_INFOPLIST_FILE = YES;
				INFOPLIST_KEY_UIApplicationSceneManifest_Generation = YES;
				INFOPLIST_KEY_UIApplicationSupportsIndirectInputEvents = YES;
				INFOPLIST_KEY_UILaunchScreen_Generation = YES;
				INFOPLIST_KEY_UISupportedInterfaceOrientations_iPad = "UIInterfaceOrientationPortrait UIInterfaceOrientationPortraitUpsideDown UIInterfaceOrientationLandscapeLeft UIInterfaceOrientationLandscapeRight";
				INFOPLIST_KEY_UISupportedInterfaceOrientations_iPhone = "UIInterfaceOrientationPortrait UIInterfaceOrientationLandscapeLeft UIInterfaceOrientationLandscapeRight";
				LD_RUNPATH_SEARCH_PATHS = (
					"$(inherited)",
					"@executable_path/Frameworks",
				);
				MARKETING_VERSION = 1.0;
				PRODUCT_BUNDLE_IDENTIFIER = com.articles.app.ArticlesApp;
				PRODUCT_NAME = "$(TARGET_NAME)";
				SWIFT_EMIT_LOC_STRINGS = YES;
				SWIFT_VERSION = 5.0;
				TARGETED_DEVICE_FAMILY = "1,2";
			};
			name = Debug;
		};
		504D2F192CB111D100D63B87 /* Release */ = {
			isa = XCBuildConfiguration;
			buildSettings = {
				ASSETCATALOG_COMPILER_APPICON_NAME = AppIcon;
				ASSETCATALOG_COMPILER_GLOBAL_ACCENT_COLOR_NAME = AccentColor;
				CODE_SIGN_STYLE = Automatic;
				CURRENT_PROJECT_VERSION = 1;
				DEVELOPMENT_ASSET_PATHS = "\"ArticlesApp/Preview Content\"";
				DEVELOPMENT_TEAM = 67WTGHWAS3;
				ENABLE_PREVIEWS = YES;
				GENERATE_INFOPLIST_FILE = YES;
				INFOPLIST_KEY_UIApplicationSceneManifest_Generation = YES;
				INFOPLIST_KEY_UIApplicationSupportsIndirectInputEvents = YES;
				INFOPLIST_KEY_UILaunchScreen_Generation = YES;
				INFOPLIST_KEY_UISupportedInterfaceOrientations_iPad = "UIInterfaceOrientationPortrait UIInterfaceOrientationPortraitUpsideDown UIInterfaceOrientationLandscapeLeft UIInterfaceOrientationLandscapeRight";
				INFOPLIST_KEY_UISupportedInterfaceOrientations_iPhone = "UIInterfaceOrientationPortrait UIInterfaceOrientationLandscapeLeft UIInterfaceOrientationLandscapeRight";
				LD_RUNPATH_SEARCH_PATHS = (
					"$(inherited)",
					"@executable_path/Frameworks",
				);
				MARKETING_VERSION = 1.0;
				PRODUCT_BUNDLE_IDENTIFIER = com.articles.app.ArticlesApp;
				PRODUCT_NAME = "$(TARGET_NAME)";
				SWIFT_EMIT_LOC_STRINGS = YES;
				SWIFT_VERSION = 5.0;
				TARGETED_DEVICE_FAMILY = "1,2";
			};
			name = Release;
		};
		504D2F1B2CB111D100D63B87 /* Debug */ = {
			isa = XCBuildConfiguration;
			buildSettings = {
				ALWAYS_EMBED_SWIFT_STANDARD_LIBRARIES = YES;
				BUNDLE_LOADER = "$(TEST_HOST)";
				CODE_SIGN_STYLE = Automatic;
				CURRENT_PROJECT_VERSION = 1;
				DEVELOPMENT_TEAM = 67WTGHWAS3;
				GENERATE_INFOPLIST_FILE = YES;
				IPHONEOS_DEPLOYMENT_TARGET = 17.5;
				MARKETING_VERSION = 1.0;
				PRODUCT_BUNDLE_IDENTIFIER = com.articles.app.ArticlesAppTests;
				PRODUCT_NAME = "$(TARGET_NAME)";
				SWIFT_EMIT_LOC_STRINGS = NO;
				SWIFT_VERSION = 5.0;
				TARGETED_DEVICE_FAMILY = "1,2";
				TEST_HOST = "$(BUILT_PRODUCTS_DIR)/ArticlesApp.app/$(BUNDLE_EXECUTABLE_FOLDER_PATH)/ArticlesApp";
			};
			name = Debug;
		};
		504D2F1C2CB111D100D63B87 /* Release */ = {
			isa = XCBuildConfiguration;
			buildSettings = {
				ALWAYS_EMBED_SWIFT_STANDARD_LIBRARIES = YES;
				BUNDLE_LOADER = "$(TEST_HOST)";
				CODE_SIGN_STYLE = Automatic;
				CURRENT_PROJECT_VERSION = 1;
				DEVELOPMENT_TEAM = 67WTGHWAS3;
				GENERATE_INFOPLIST_FILE = YES;
				IPHONEOS_DEPLOYMENT_TARGET = 17.5;
				MARKETING_VERSION = 1.0;
				PRODUCT_BUNDLE_IDENTIFIER = com.articles.app.ArticlesAppTests;
				PRODUCT_NAME = "$(TARGET_NAME)";
				SWIFT_EMIT_LOC_STRINGS = NO;
				SWIFT_VERSION = 5.0;
				TARGETED_DEVICE_FAMILY = "1,2";
				TEST_HOST = "$(BUILT_PRODUCTS_DIR)/ArticlesApp.app/$(BUNDLE_EXECUTABLE_FOLDER_PATH)/ArticlesApp";
			};
			name = Release;
		};
		504D2F1E2CB111D100D63B87 /* Debug */ = {
			isa = XCBuildConfiguration;
			buildSettings = {
				ALWAYS_EMBED_SWIFT_STANDARD_LIBRARIES = YES;
				CODE_SIGN_STYLE = Automatic;
				CURRENT_PROJECT_VERSION = 1;
				DEVELOPMENT_TEAM = 67WTGHWAS3;
				GENERATE_INFOPLIST_FILE = YES;
				MARKETING_VERSION = 1.0;
				PRODUCT_BUNDLE_IDENTIFIER = com.articles.app.ArticlesAppUITests;
				PRODUCT_NAME = "$(TARGET_NAME)";
				SWIFT_EMIT_LOC_STRINGS = NO;
				SWIFT_VERSION = 5.0;
				TARGETED_DEVICE_FAMILY = "1,2";
				TEST_TARGET_NAME = ArticlesApp;
			};
			name = Debug;
		};
		504D2F1F2CB111D100D63B87 /* Release */ = {
			isa = XCBuildConfiguration;
			buildSettings = {
				ALWAYS_EMBED_SWIFT_STANDARD_LIBRARIES = YES;
				CODE_SIGN_STYLE = Automatic;
				CURRENT_PROJECT_VERSION = 1;
				DEVELOPMENT_TEAM = 67WTGHWAS3;
				GENERATE_INFOPLIST_FILE = YES;
				MARKETING_VERSION = 1.0;
				PRODUCT_BUNDLE_IDENTIFIER = com.articles.app.ArticlesAppUITests;
				PRODUCT_NAME = "$(TARGET_NAME)";
				SWIFT_EMIT_LOC_STRINGS = NO;
				SWIFT_VERSION = 5.0;
				TARGETED_DEVICE_FAMILY = "1,2";
				TEST_TARGET_NAME = ArticlesApp;
			};
			name = Release;
		};
/* End XCBuildConfiguration section */

/* Begin XCConfigurationList section */
		504D2EEE2CB111D000D63B87 /* Build configuration list for PBXProject "ArticlesApp" */ = {
			isa = XCConfigurationList;
			buildConfigurations = (
				504D2F152CB111D100D63B87 /* Debug */,
				504D2F162CB111D100D63B87 /* Release */,
			);
			defaultConfigurationIsVisible = 0;
			defaultConfigurationName = Release;
		};
		504D2F172CB111D100D63B87 /* Build configuration list for PBXNativeTarget "ArticlesApp" */ = {
			isa = XCConfigurationList;
			buildConfigurations = (
				504D2F182CB111D100D63B87 /* Debug */,
				504D2F192CB111D100D63B87 /* Release */,
			);
			defaultConfigurationIsVisible = 0;
			defaultConfigurationName = Release;
		};
		504D2F1A2CB111D100D63B87 /* Build configuration list for PBXNativeTarget "ArticlesAppTests" */ = {
			isa = XCConfigurationList;
			buildConfigurations = (
				504D2F1B2CB111D100D63B87 /* Debug */,
				504D2F1C2CB111D100D63B87 /* Release */,
			);
			defaultConfigurationIsVisible = 0;
			defaultConfigurationName = Release;
		};
		504D2F1D2CB111D100D63B87 /* Build configuration list for PBXNativeTarget "ArticlesAppUITests" */ = {
			isa = XCConfigurationList;
			buildConfigurations = (
				504D2F1E2CB111D100D63B87 /* Debug */,
				504D2F1F2CB111D100D63B87 /* Release */,
			);
			defaultConfigurationIsVisible = 0;
			defaultConfigurationName = Release;
		};
/* End XCConfigurationList section */
	};
	rootObject = 504D2EEB2CB111D000D63B87 /* Project object */;
}
